
Microsoft Visual Studio Solution File, Format Version 12.00
# Visual Studio 15
VisualStudioVersion = 15.0.26430.6
MinimumVisualStudioVersion = 10.0.40219.1
Project("{FAE04EC0-301F-11D3-BF4B-00C04F79EFBC}") = "TalkletWords", "TalkletWords\TalkletWords.csproj", "{26538D12-DC02-4E85-9A88-115E513A887A}"
EndProject
Global
	GlobalSection(SolutionConfigurationPlatforms) = preSolution
		Debug|Any CPU = Debug|Any CPU
		Release|Any CPU = Release|Any CPU
	EndGlobalSection
	GlobalSection(ProjectConfigurationPlatforms) = postSolution
		{26538D12-DC02-4E85-9A88-115E513A887A}.Debug|Any CPU.ActiveCfg = Debug|Any CPU
		{26538D12-DC02-4E85-9A88-115E513A887A}.Debug|Any CPU.Build.0 = Debug|Any CPU
		{26538D12-DC02-4E85-9A88-115E513A887A}.Release|Any CPU.ActiveCfg = Release|Any CPU
		{26538D12-DC02-4E85-9A88-115E513A887A}.Release|Any CPU.Build.0 = Release|Any CPU
	EndGlobalSection
	GlobalSection(SolutionProperties) = preSolution
		HideSolutionNode = FALSE
	EndGlobalSection
EndGlobal
